
Microsoft Visual Studio Solution File, Format Version 12.00
# Visual Studio Version 17
VisualStudioVersion = 17.11.35312.102
MinimumVisualStudioVersion = 10.0.40219.1
Project("{FAE04EC0-301F-11D3-BF4B-00C04F79EFBC}") = "API", "API\API.csproj", "{1B4B1FA5-9E9A-4128-AD91-CD726715B4C6}"
EndProject
Project("{FAE04EC0-301F-11D3-BF4B-00C04F79EFBC}") = "Business", "Business\Business.csproj", "{BAD1328D-344C-4423-9DCB-39F2AA2B9E7E}"
EndProject
Project("{FAE04EC0-301F-11D3-BF4B-00C04F79EFBC}") = "Data", "Data\Data.csproj", "{DA6D4479-CAD9-46D7-A41A-00AE8365B767}"
EndProject
Global
	GlobalSection(SolutionConfigurationPlatforms) = preSolution
		Debug|Any CPU = Debug|Any CPU
		Release|Any CPU = Release|Any CPU
	EndGlobalSection
	GlobalSection(ProjectConfigurationPlatforms) = postSolution
		{1B4B1FA5-9E9A-4128-AD91-CD726715B4C6}.Debug|Any CPU.ActiveCfg = Debug|Any CPU
		{1B4B1FA5-9E9A-4128-AD91-CD726715B4C6}.Debug|Any CPU.Build.0 = Debug|Any CPU
		{1B4B1FA5-9E9A-4128-AD91-CD726715B4C6}.Release|Any CPU.ActiveCfg = Release|Any CPU
		{1B4B1FA5-9E9A-4128-AD91-CD726715B4C6}.Release|Any CPU.Build.0 = Release|Any CPU
		{BAD1328D-344C-4423-9DCB-39F2AA2B9E7E}.Debug|Any CPU.ActiveCfg = Debug|Any CPU
		{BAD1328D-344C-4423-9DCB-39F2AA2B9E7E}.Debug|Any CPU.Build.0 = Debug|Any CPU
		{BAD1328D-344C-4423-9DCB-39F2AA2B9E7E}.Release|Any CPU.ActiveCfg = Release|Any CPU
		{BAD1328D-344C-4423-9DCB-39F2AA2B9E7E}.Release|Any CPU.Build.0 = Release|Any CPU
		{DA6D4479-CAD9-46D7-A41A-00AE8365B767}.Debug|Any CPU.ActiveCfg = Debug|Any CPU
		{DA6D4479-CAD9-46D7-A41A-00AE8365B767}.Debug|Any CPU.Build.0 = Debug|Any CPU
		{DA6D4479-CAD9-46D7-A41A-00AE8365B767}.Release|Any CPU.ActiveCfg = Release|Any CPU
		{DA6D4479-CAD9-46D7-A41A-00AE8365B767}.Release|Any CPU.Build.0 = Release|Any CPU
	EndGlobalSection
	GlobalSection(SolutionProperties) = preSolution
		HideSolutionNode = FALSE
	EndGlobalSection
	GlobalSection(ExtensibilityGlobals) = postSolution
		SolutionGuid = {8F31277E-BCA6-4CAC-A806-843A89AB04B7}
	EndGlobalSection
EndGlobal
